
Microsoft Visual Studio Solution File, Format Version 12.00
# Visual Studio Version 16
VisualStudioVersion = 16.0.31624.102
MinimumVisualStudioVersion = 10.0.40219.1
Project("{9A19103F-16F7-4668-BE54-9A1E7A4F7556}") = "OfficeMonitor.Meadow", "OfficeMonitor.Meadow\OfficeMonitor.Meadow.csproj", "{7A46F19B-5A30-4F92-9291-B912F36F6452}"
EndProject
Global
	GlobalSection(SolutionConfigurationPlatforms) = preSolution
		Debug|Any CPU = Debug|Any CPU
		Release|Any CPU = Release|Any CPU
	EndGlobalSection
	GlobalSection(ProjectConfigurationPlatforms) = postSolution
		{7A46F19B-5A30-4F92-9291-B912F36F6452}.Debug|Any CPU.ActiveCfg = Debug|Any CPU
		{7A46F19B-5A30-4F92-9291-B912F36F6452}.Debug|Any CPU.Build.0 = Debug|Any CPU
		{7A46F19B-5A30-4F92-9291-B912F36F6452}.Debug|Any CPU.Deploy.0 = Debug|Any CPU
		{7A46F19B-5A30-4F92-9291-B912F36F6452}.Release|Any CPU.ActiveCfg = Release|Any CPU
		{7A46F19B-5A30-4F92-9291-B912F36F6452}.Release|Any CPU.Build.0 = Release|Any CPU
		{7A46F19B-5A30-4F92-9291-B912F36F6452}.Release|Any CPU.Deploy.0 = Release|Any CPU
	EndGlobalSection
	GlobalSection(SolutionProperties) = preSolution
		HideSolutionNode = FALSE
	EndGlobalSection
	GlobalSection(ExtensibilityGlobals) = postSolution
		SolutionGuid = {1E9E87A5-0598-4C19-9E1A-C5EA0EEA5E9A}
	EndGlobalSection
EndGlobal
